// !$*UTF8*$!
{
	archiveVersion = 1;
	classes = {
	};
	objectVersion = 56;
	objects = {

/* Begin PBXBuildFile section */
		6892D6CB2ADC33EA0039E8D5 /* AppDelegate.swift in Sources */ = {isa = PBXBuildFile; fileRef = 6892D6CA2ADC33EA0039E8D5 /* AppDelegate.swift */; };
		6892D6CD2ADC33EA0039E8D5 /* SceneDelegate.swift in Sources */ = {isa = PBXBuildFile; fileRef = 6892D6CC2ADC33EA0039E8D5 /* SceneDelegate.swift */; };
		6892D6D22ADC33EA0039E8D5 /* Main.storyboard in Resources */ = {isa = PBXBuildFile; fileRef = 6892D6D02ADC33EA0039E8D5 /* Main.storyboard */; };
		6892D6D42ADC33EB0039E8D5 /* Assets.xcassets in Resources */ = {isa = PBXBuildFile; fileRef = 6892D6D32ADC33EB0039E8D5 /* Assets.xcassets */; };
		6892D6D72ADC33EB0039E8D5 /* LaunchScreen.storyboard in Resources */ = {isa = PBXBuildFile; fileRef = 6892D6D52ADC33EB0039E8D5 /* LaunchScreen.storyboard */; };
		6892D6E22ADC33EB0039E8D5 /* MealMonkeyTests.swift in Sources */ = {isa = PBXBuildFile; fileRef = 6892D6E12ADC33EB0039E8D5 /* MealMonkeyTests.swift */; };
		6892D6EC2ADC33EB0039E8D5 /* MealMonkeyUITests.swift in Sources */ = {isa = PBXBuildFile; fileRef = 6892D6EB2ADC33EB0039E8D5 /* MealMonkeyUITests.swift */; };
		6892D6EE2ADC33EB0039E8D5 /* MealMonkeyUITestsLaunchTests.swift in Sources */ = {isa = PBXBuildFile; fileRef = 6892D6ED2ADC33EB0039E8D5 /* MealMonkeyUITestsLaunchTests.swift */; };
		6892D6FC2ADC34F50039E8D5 /* HomeVC.swift in Sources */ = {isa = PBXBuildFile; fileRef = 6892D6FB2ADC34F50039E8D5 /* HomeVC.swift */; };
		6892D6FF2ADC37050039E8D5 /* TitleViewCell.swift in Sources */ = {isa = PBXBuildFile; fileRef = 6892D6FE2ADC37050039E8D5 /* TitleViewCell.swift */; };
		6892D7012ADC671B0039E8D5 /* PopularRestaurantsViewCell.swift in Sources */ = {isa = PBXBuildFile; fileRef = 6892D7002ADC671B0039E8D5 /* PopularRestaurantsViewCell.swift */; };
		6892D7092ADC87780039E8D5 /* MostPopularItemsViewCell.swift in Sources */ = {isa = PBXBuildFile; fileRef = 6892D7082ADC87780039E8D5 /* MostPopularItemsViewCell.swift */; };
		6892D70B2ADC87870039E8D5 /* MostPopularItemsViewItemCell.swift in Sources */ = {isa = PBXBuildFile; fileRef = 6892D70A2ADC87870039E8D5 /* MostPopularItemsViewItemCell.swift */; };
		6892D70D2ADC89A00039E8D5 /* RecentItemsViewCell.swift in Sources */ = {isa = PBXBuildFile; fileRef = 6892D70C2ADC89A00039E8D5 /* RecentItemsViewCell.swift */; };
		6892D7112ADD382C0039E8D5 /* FoodTypeViewCell.swift in Sources */ = {isa = PBXBuildFile; fileRef = 6892D7102ADD382C0039E8D5 /* FoodTypeViewCell.swift */; };
		6892D7132ADD38380039E8D5 /* FoodTypeViewItemCell.swift in Sources */ = {isa = PBXBuildFile; fileRef = 6892D7122ADD38380039E8D5 /* FoodTypeViewItemCell.swift */; };
/* End PBXBuildFile section */

/* Begin PBXContainerItemProxy section */
		6892D6DE2ADC33EB0039E8D5 /* PBXContainerItemProxy */ = {
			isa = PBXContainerItemProxy;
			containerPortal = 6892D6BF2ADC33EA0039E8D5 /* Project object */;
			proxyType = 1;
			remoteGlobalIDString = 6892D6C62ADC33EA0039E8D5;
			remoteInfo = MealMonkey;
		};
		6892D6E82ADC33EB0039E8D5 /* PBXContainerItemProxy */ = {
			isa = PBXContainerItemProxy;
			containerPortal = 6892D6BF2ADC33EA0039E8D5 /* Project object */;
			proxyType = 1;
			remoteGlobalIDString = 6892D6C62ADC33EA0039E8D5;
			remoteInfo = MealMonkey;
		};
/* End PBXContainerItemProxy section */

/* Begin PBXFileReference section */
		6892D6C72ADC33EA0039E8D5 /* MealMonkey.app */ = {isa = PBXFileReference; explicitFileType = wrapper.application; includeInIndex = 0; path = MealMonkey.app; sourceTree = BUILT_PRODUCTS_DIR; };
		6892D6CA2ADC33EA0039E8D5 /* AppDelegate.swift */ = {isa = PBXFileReference; lastKnownFileType = sourcecode.swift; path = AppDelegate.swift; sourceTree = "<group>"; };
		6892D6CC2ADC33EA0039E8D5 /* SceneDelegate.swift */ = {isa = PBXFileReference; lastKnownFileType = sourcecode.swift; path = SceneDelegate.swift; sourceTree = "<group>"; };
		6892D6D12ADC33EA0039E8D5 /* Base */ = {isa = PBXFileReference; lastKnownFileType = file.storyboard; name = Base; path = Base.lproj/Main.storyboard; sourceTree = "<group>"; };
		6892D6D32ADC33EB0039E8D5 /* Assets.xcassets */ = {isa = PBXFileReference; lastKnownFileType = folder.assetcatalog; path = Assets.xcassets; sourceTree = "<group>"; };
		6892D6D62ADC33EB0039E8D5 /* Base */ = {isa = PBXFileReference; lastKnownFileType = file.storyboard; name = Base; path = Base.lproj/LaunchScreen.storyboard; sourceTree = "<group>"; };
		6892D6D82ADC33EB0039E8D5 /* Info.plist */ = {isa = PBXFileReference; lastKnownFileType = text.plist.xml; path = Info.plist; sourceTree = "<group>"; };
		6892D6DD2ADC33EB0039E8D5 /* MealMonkeyTests.xctest */ = {isa = PBXFileReference; explicitFileType = wrapper.cfbundle; includeInIndex = 0; path = MealMonkeyTests.xctest; sourceTree = BUILT_PRODUCTS_DIR; };
		6892D6E12ADC33EB0039E8D5 /* MealMonkeyTests.swift */ = {isa = PBXFileReference; lastKnownFileType = sourcecode.swift; path = MealMonkeyTests.swift; sourceTree = "<group>"; };
		6892D6E72ADC33EB0039E8D5 /* MealMonkeyUITests.xctest */ = {isa = PBXFileReference; explicitFileType = wrapper.cfbundle; includeInIndex = 0; path = MealMonkeyUITests.xctest; sourceTree = BUILT_PRODUCTS_DIR; };
		6892D6EB2ADC33EB0039E8D5 /* MealMonkeyUITests.swift */ = {isa = PBXFileReference; lastKnownFileType = sourcecode.swift; path = MealMonkeyUITests.swift; sourceTree = "<group>"; };
		6892D6ED2ADC33EB0039E8D5 /* MealMonkeyUITestsLaunchTests.swift */ = {isa = PBXFileReference; lastKnownFileType = sourcecode.swift; path = MealMonkeyUITestsLaunchTests.swift; sourceTree = "<group>"; };
		6892D6FB2ADC34F50039E8D5 /* HomeVC.swift */ = {isa = PBXFileReference; lastKnownFileType = sourcecode.swift; path = HomeVC.swift; sourceTree = "<group>"; };
		6892D6FE2ADC37050039E8D5 /* TitleViewCell.swift */ = {isa = PBXFileReference; lastKnownFileType = sourcecode.swift; path = TitleViewCell.swift; sourceTree = "<group>"; };
		6892D7002ADC671B0039E8D5 /* PopularRestaurantsViewCell.swift */ = {isa = PBXFileReference; lastKnownFileType = sourcecode.swift; path = PopularRestaurantsViewCell.swift; sourceTree = "<group>"; };
		6892D7082ADC87780039E8D5 /* MostPopularItemsViewCell.swift */ = {isa = PBXFileReference; lastKnownFileType = sourcecode.swift; path = MostPopularItemsViewCell.swift; sourceTree = "<group>"; };
		6892D70A2ADC87870039E8D5 /* MostPopularItemsViewItemCell.swift */ = {isa = PBXFileReference; lastKnownFileType = sourcecode.swift; path = MostPopularItemsViewItemCell.swift; sourceTree = "<group>"; };
		6892D70C2ADC89A00039E8D5 /* RecentItemsViewCell.swift */ = {isa = PBXFileReference; lastKnownFileType = sourcecode.swift; path = RecentItemsViewCell.swift; sourceTree = "<group>"; };
		6892D7102ADD382C0039E8D5 /* FoodTypeViewCell.swift */ = {isa = PBXFileReference; lastKnownFileType = sourcecode.swift; path = FoodTypeViewCell.swift; sourceTree = "<group>"; };
		6892D7122ADD38380039E8D5 /* FoodTypeViewItemCell.swift */ = {isa = PBXFileReference; lastKnownFileType = sourcecode.swift; path = FoodTypeViewItemCell.swift; sourceTree = "<group>"; };
/* End PBXFileReference section */

/* Begin PBXFrameworksBuildPhase section */
		6892D6C42ADC33EA0039E8D5 /* Frameworks */ = {
			isa = PBXFrameworksBuildPhase;
			buildActionMask = 2147483647;
			files = (
			);
			runOnlyForDeploymentPostprocessing = 0;
		};
		6892D6DA2ADC33EB0039E8D5 /* Frameworks */ = {
			isa = PBXFrameworksBuildPhase;
			buildActionMask = 2147483647;
			files = (
			);
			runOnlyForDeploymentPostprocessing = 0;
		};
		6892D6E42ADC33EB0039E8D5 /* Frameworks */ = {
			isa = PBXFrameworksBuildPhase;
			buildActionMask = 2147483647;
			files = (
			);
			runOnlyForDeploymentPostprocessing = 0;
		};
/* End PBXFrameworksBuildPhase section */

/* Begin PBXGroup section */
		6892D6BE2ADC33EA0039E8D5 = {
			isa = PBXGroup;
			children = (
				6892D6C92ADC33EA0039E8D5 /* MealMonkey */,
				6892D6E02ADC33EB0039E8D5 /* MealMonkeyTests */,
				6892D6EA2ADC33EB0039E8D5 /* MealMonkeyUITests */,
				6892D6C82ADC33EA0039E8D5 /* Products */,
			);
			sourceTree = "<group>";
		};
		6892D6C82ADC33EA0039E8D5 /* Products */ = {
			isa = PBXGroup;
			children = (
				6892D6C72ADC33EA0039E8D5 /* MealMonkey.app */,
				6892D6DD2ADC33EB0039E8D5 /* MealMonkeyTests.xctest */,
				6892D6E72ADC33EB0039E8D5 /* MealMonkeyUITests.xctest */,
			);
			name = Products;
			sourceTree = "<group>";
		};
		6892D6C92ADC33EA0039E8D5 /* MealMonkey */ = {
			isa = PBXGroup;
			children = (
				6892D6FD2ADC358A0039E8D5 /* Resources */,
				6892D6FA2ADC34B00039E8D5 /* ViewControllers */,
				6892D6CA2ADC33EA0039E8D5 /* AppDelegate.swift */,
				6892D6CC2ADC33EA0039E8D5 /* SceneDelegate.swift */,
				6892D6D02ADC33EA0039E8D5 /* Main.storyboard */,
				6892D6D32ADC33EB0039E8D5 /* Assets.xcassets */,
				6892D6D52ADC33EB0039E8D5 /* LaunchScreen.storyboard */,
				6892D6D82ADC33EB0039E8D5 /* Info.plist */,
			);
			path = MealMonkey;
			sourceTree = "<group>";
		};
		6892D6E02ADC33EB0039E8D5 /* MealMonkeyTests */ = {
			isa = PBXGroup;
			children = (
				6892D6E12ADC33EB0039E8D5 /* MealMonkeyTests.swift */,
			);
			path = MealMonkeyTests;
			sourceTree = "<group>";
		};
		6892D6EA2ADC33EB0039E8D5 /* MealMonkeyUITests */ = {
			isa = PBXGroup;
			children = (
				6892D6EB2ADC33EB0039E8D5 /* MealMonkeyUITests.swift */,
				6892D6ED2ADC33EB0039E8D5 /* MealMonkeyUITestsLaunchTests.swift */,
			);
			path = MealMonkeyUITests;
			sourceTree = "<group>";
		};
		6892D6FA2ADC34B00039E8D5 /* ViewControllers */ = {
			isa = PBXGroup;
			children = (
				6892D6FB2ADC34F50039E8D5 /* HomeVC.swift */,
			);
			path = ViewControllers;
			sourceTree = "<group>";
		};
		6892D6FD2ADC358A0039E8D5 /* Resources */ = {
			isa = PBXGroup;
			children = (
				6892D6FE2ADC37050039E8D5 /* TitleViewCell.swift */,
				6892D7002ADC671B0039E8D5 /* PopularRestaurantsViewCell.swift */,
				6892D7082ADC87780039E8D5 /* MostPopularItemsViewCell.swift */,
				6892D70A2ADC87870039E8D5 /* MostPopularItemsViewItemCell.swift */,
				6892D70C2ADC89A00039E8D5 /* RecentItemsViewCell.swift */,
				6892D7102ADD382C0039E8D5 /* FoodTypeViewCell.swift */,
				6892D7122ADD38380039E8D5 /* FoodTypeViewItemCell.swift */,
			);
			path = Resources;
			sourceTree = "<group>";
		};
/* End PBXGroup section */

/* Begin PBXNativeTarget section */
		6892D6C62ADC33EA0039E8D5 /* MealMonkey */ = {
			isa = PBXNativeTarget;
			buildConfigurationList = 6892D6F12ADC33EB0039E8D5 /* Build configuration list for PBXNativeTarget "MealMonkey" */;
			buildPhases = (
				6892D6C32ADC33EA0039E8D5 /* Sources */,
				6892D6C42ADC33EA0039E8D5 /* Frameworks */,
				6892D6C52ADC33EA0039E8D5 /* Resources */,
			);
			buildRules = (
			);
			dependencies = (
			);
			name = MealMonkey;
			productName = MealMonkey;
			productReference = 6892D6C72ADC33EA0039E8D5 /* MealMonkey.app */;
			productType = "com.apple.product-type.application";
		};
		6892D6DC2ADC33EB0039E8D5 /* MealMonkeyTests */ = {
			isa = PBXNativeTarget;
			buildConfigurationList = 6892D6F42ADC33EB0039E8D5 /* Build configuration list for PBXNativeTarget "MealMonkeyTests" */;
			buildPhases = (
				6892D6D92ADC33EB0039E8D5 /* Sources */,
				6892D6DA2ADC33EB0039E8D5 /* Frameworks */,
				6892D6DB2ADC33EB0039E8D5 /* Resources */,
			);
			buildRules = (
			);
			dependencies = (
				6892D6DF2ADC33EB0039E8D5 /* PBXTargetDependency */,
			);
			name = MealMonkeyTests;
			productName = MealMonkeyTests;
			productReference = 6892D6DD2ADC33EB0039E8D5 /* MealMonkeyTests.xctest */;
			productType = "com.apple.product-type.bundle.unit-test";
		};
		6892D6E62ADC33EB0039E8D5 /* MealMonkeyUITests */ = {
			isa = PBXNativeTarget;
			buildConfigurationList = 6892D6F72ADC33EB0039E8D5 /* Build configuration list for PBXNativeTarget "MealMonkeyUITests" */;
			buildPhases = (
				6892D6E32ADC33EB0039E8D5 /* Sources */,
				6892D6E42ADC33EB0039E8D5 /* Frameworks */,
				6892D6E52ADC33EB0039E8D5 /* Resources */,
			);
			buildRules = (
			);
			dependencies = (
				6892D6E92ADC33EB0039E8D5 /* PBXTargetDependency */,
			);
			name = MealMonkeyUITests;
			productName = MealMonkeyUITests;
			productReference = 6892D6E72ADC33EB0039E8D5 /* MealMonkeyUITests.xctest */;
			productType = "com.apple.product-type.bundle.ui-testing";
		};
/* End PBXNativeTarget section */

/* Begin PBXProject section */
		6892D6BF2ADC33EA0039E8D5 /* Project object */ = {
			isa = PBXProject;
			attributes = {
				BuildIndependentTargetsInParallel = 1;
				LastSwiftUpdateCheck = 1500;
				LastUpgradeCheck = 1500;
				TargetAttributes = {
					6892D6C62ADC33EA0039E8D5 = {
						CreatedOnToolsVersion = 15.0;
					};
					6892D6DC2ADC33EB0039E8D5 = {
						CreatedOnToolsVersion = 15.0;
						TestTargetID = 6892D6C62ADC33EA0039E8D5;
					};
					6892D6E62ADC33EB0039E8D5 = {
						CreatedOnToolsVersion = 15.0;
						TestTargetID = 6892D6C62ADC33EA0039E8D5;
					};
				};
			};
			buildConfigurationList = 6892D6C22ADC33EA0039E8D5 /* Build configuration list for PBXProject "MealMonkey" */;
			compatibilityVersion = "Xcode 14.0";
			developmentRegion = en;
			hasScannedForEncodings = 0;
			knownRegions = (
				en,
				Base,
			);
			mainGroup = 6892D6BE2ADC33EA0039E8D5;
			productRefGroup = 6892D6C82ADC33EA0039E8D5 /* Products */;
			projectDirPath = "";
			projectRoot = "";
			targets = (
				6892D6C62ADC33EA0039E8D5 /* MealMonkey */,
				6892D6DC2ADC33EB0039E8D5 /* MealMonkeyTests */,
				6892D6E62ADC33EB0039E8D5 /* MealMonkeyUITests */,
			);
		};
/* End PBXProject section */

/* Begin PBXResourcesBuildPhase section */
		6892D6C52ADC33EA0039E8D5 /* Resources */ = {
			isa = PBXResourcesBuildPhase;
			buildActionMask = 2147483647;
			files = (
				6892D6D72ADC33EB0039E8D5 /* LaunchScreen.storyboard in Resources */,
				6892D6D42ADC33EB0039E8D5 /* Assets.xcassets in Resources */,
				6892D6D22ADC33EA0039E8D5 /* Main.storyboard in Resources */,
			);
			runOnlyForDeploymentPostprocessing = 0;
		};
		6892D6DB2ADC33EB0039E8D5 /* Resources */ = {
			isa = PBXResourcesBuildPhase;
			buildActionMask = 2147483647;
			files = (
			);
			runOnlyForDeploymentPostprocessing = 0;
		};
		6892D6E52ADC33EB0039E8D5 /* Resources */ = {
			isa = PBXResourcesBuildPhase;
			buildActionMask = 2147483647;
			files = (
			);
			runOnlyForDeploymentPostprocessing = 0;
		};
/* End PBXResourcesBuildPhase section */

/* Begin PBXSourcesBuildPhase section */
		6892D6C32ADC33EA0039E8D5 /* Sources */ = {
			isa = PBXSourcesBuildPhase;
			buildActionMask = 2147483647;
			files = (
				6892D6FC2ADC34F50039E8D5 /* HomeVC.swift in Sources */,
				6892D6CB2ADC33EA0039E8D5 /* AppDelegate.swift in Sources */,
				6892D70D2ADC89A00039E8D5 /* RecentItemsViewCell.swift in Sources */,
				6892D7132ADD38380039E8D5 /* FoodTypeViewItemCell.swift in Sources */,
				6892D7112ADD382C0039E8D5 /* FoodTypeViewCell.swift in Sources */,
				6892D6CD2ADC33EA0039E8D5 /* SceneDelegate.swift in Sources */,
				6892D7092ADC87780039E8D5 /* MostPopularItemsViewCell.swift in Sources */,
				6892D70B2ADC87870039E8D5 /* MostPopularItemsViewItemCell.swift in Sources */,
				6892D6FF2ADC37050039E8D5 /* TitleViewCell.swift in Sources */,
				6892D7012ADC671B0039E8D5 /* PopularRestaurantsViewCell.swift in Sources */,
			);
			runOnlyForDeploymentPostprocessing = 0;
		};
		6892D6D92ADC33EB0039E8D5 /* Sources */ = {
			isa = PBXSourcesBuildPhase;
			buildActionMask = 2147483647;
			files = (
				6892D6E22ADC33EB0039E8D5 /* MealMonkeyTests.swift in Sources */,
			);
			runOnlyForDeploymentPostprocessing = 0;
		};
		6892D6E32ADC33EB0039E8D5 /* Sources */ = {
			isa = PBXSourcesBuildPhase;
			buildActionMask = 2147483647;
			files = (
				6892D6EE2ADC33EB0039E8D5 /* MealMonkeyUITestsLaunchTests.swift in Sources */,
				6892D6EC2ADC33EB0039E8D5 /* MealMonkeyUITests.swift in Sources */,
			);
			runOnlyForDeploymentPostprocessing = 0;
		};
/* End PBXSourcesBuildPhase section */

/* Begin PBXTargetDependency section */
		6892D6DF2ADC33EB0039E8D5 /* PBXTargetDependency */ = {
			isa = PBXTargetDependency;
			target = 6892D6C62ADC33EA0039E8D5 /* MealMonkey */;
			targetProxy = 6892D6DE2ADC33EB0039E8D5 /* PBXContainerItemProxy */;
		};
		6892D6E92ADC33EB0039E8D5 /* PBXTargetDependency */ = {
			isa = PBXTargetDependency;
			target = 6892D6C62ADC33EA0039E8D5 /* MealMonkey */;
			targetProxy = 6892D6E82ADC33EB0039E8D5 /* PBXContainerItemProxy */;
		};
/* End PBXTargetDependency section */

/* Begin PBXVariantGroup section */
		6892D6D02ADC33EA0039E8D5 /* Main.storyboard */ = {
			isa = PBXVariantGroup;
			children = (
				6892D6D12ADC33EA0039E8D5 /* Base */,
			);
			name = Main.storyboard;
			sourceTree = "<group>";
		};
		6892D6D52ADC33EB0039E8D5 /* LaunchScreen.storyboard */ = {
			isa = PBXVariantGroup;
			children = (
				6892D6D62ADC33EB0039E8D5 /* Base */,
			);
			name = LaunchScreen.storyboard;
			sourceTree = "<group>";
		};
/* End PBXVariantGroup section */

/* Begin XCBuildConfiguration section */
		6892D6EF2ADC33EB0039E8D5 /* Debug */ = {
			isa = XCBuildConfiguration;
			buildSettings = {
				ALWAYS_SEARCH_USER_PATHS = NO;
				ASSETCATALOG_COMPILER_GENERATE_SWIFT_ASSET_SYMBOL_EXTENSIONS = YES;
				CLANG_ANALYZER_NONNULL = YES;
				CLANG_ANALYZER_NUMBER_OBJECT_CONVERSION = YES_AGGRESSIVE;
				CLANG_CXX_LANGUAGE_STANDARD = "gnu++20";
				CLANG_ENABLE_MODULES = YES;
				CLANG_ENABLE_OBJC_ARC = YES;
				CLANG_ENABLE_OBJC_WEAK = YES;
				CLANG_WARN_BLOCK_CAPTURE_AUTORELEASING = YES;
				CLANG_WARN_BOOL_CONVERSION = YES;
				CLANG_WARN_COMMA = YES;
				CLANG_WARN_CONSTANT_CONVERSION = YES;
				CLANG_WARN_DEPRECATED_OBJC_IMPLEMENTATIONS = YES;
				CLANG_WARN_DIRECT_OBJC_ISA_USAGE = YES_ERROR;
				CLANG_WARN_DOCUMENTATION_COMMENTS = YES;
				CLANG_WARN_EMPTY_BODY = YES;
				CLANG_WARN_ENUM_CONVERSION = YES;
				CLANG_WARN_INFINITE_RECURSION = YES;
				CLANG_WARN_INT_CONVERSION = YES;
				CLANG_WARN_NON_LITERAL_NULL_CONVERSION = YES;
				CLANG_WARN_OBJC_IMPLICIT_RETAIN_SELF = YES;
				CLANG_WARN_OBJC_LITERAL_CONVERSION = YES;
				CLANG_WARN_OBJC_ROOT_CLASS = YES_ERROR;
				CLANG_WARN_QUOTED_INCLUDE_IN_FRAMEWORK_HEADER = YES;
				CLANG_WARN_RANGE_LOOP_ANALYSIS = YES;
				CLANG_WARN_STRICT_PROTOTYPES = YES;
				CLANG_WARN_SUSPICIOUS_MOVE = YES;
				CLANG_WARN_UNGUARDED_AVAILABILITY = YES_AGGRESSIVE;
				CLANG_WARN_UNREACHABLE_CODE = YES;
				CLANG_WARN__DUPLICATE_METHOD_MATCH = YES;
				COPY_PHASE_STRIP = NO;
				DEBUG_INFORMATION_FORMAT = dwarf;
				ENABLE_STRICT_OBJC_MSGSEND = YES;
				ENABLE_TESTABILITY = YES;
				ENABLE_USER_SCRIPT_SANDBOXING = YES;
				GCC_C_LANGUAGE_STANDARD = gnu17;
				GCC_DYNAMIC_NO_PIC = NO;
				GCC_NO_COMMON_BLOCKS = YES;
				GCC_OPTIMIZATION_LEVEL = 0;
				GCC_PREPROCESSOR_DEFINITIONS = (
					"DEBUG=1",
					"$(inherited)",
				);
				GCC_WARN_64_TO_32_BIT_CONVERSION = YES;
				GCC_WARN_ABOUT_RETURN_TYPE = YES_ERROR;
				GCC_WARN_UNDECLARED_SELECTOR = YES;
				GCC_WARN_UNINITIALIZED_AUTOS = YES_AGGRESSIVE;
				GCC_WARN_UNUSED_FUNCTION = YES;
				GCC_WARN_UNUSED_VARIABLE = YES;
				IPHONEOS_DEPLOYMENT_TARGET = 17.0;
				LOCALIZATION_PREFERS_STRING_CATALOGS = YES;
				MTL_ENABLE_DEBUG_INFO = INCLUDE_SOURCE;
				MTL_FAST_MATH = YES;
				ONLY_ACTIVE_ARCH = YES;
				SDKROOT = iphoneos;
				SWIFT_ACTIVE_COMPILATION_CONDITIONS = "DEBUG $(inherited)";
				SWIFT_OPTIMIZATION_LEVEL = "-Onone";
			};
			name = Debug;
		};
		6892D6F02ADC33EB0039E8D5 /* Release */ = {
			isa = XCBuildConfiguration;
			buildSettings = {
				ALWAYS_SEARCH_USER_PATHS = NO;
				ASSETCATALOG_COMPILER_GENERATE_SWIFT_ASSET_SYMBOL_EXTENSIONS = YES;
				CLANG_ANALYZER_NONNULL = YES;
				CLANG_ANALYZER_NUMBER_OBJECT_CONVERSION = YES_AGGRESSIVE;
				CLANG_CXX_LANGUAGE_STANDARD = "gnu++20";
				CLANG_ENABLE_MODULES = YES;
				CLANG_ENABLE_OBJC_ARC = YES;
				CLANG_ENABLE_OBJC_WEAK = YES;
				CLANG_WARN_BLOCK_CAPTURE_AUTORELEASING = YES;
				CLANG_WARN_BOOL_CONVERSION = YES;
				CLANG_WARN_COMMA = YES;
				CLANG_WARN_CONSTANT_CONVERSION = YES;
				CLANG_WARN_DEPRECATED_OBJC_IMPLEMENTATIONS = YES;
				CLANG_WARN_DIRECT_OBJC_ISA_USAGE = YES_ERROR;
				CLANG_WARN_DOCUMENTATION_COMMENTS = YES;
				CLANG_WARN_EMPTY_BODY = YES;
				CLANG_WARN_ENUM_CONVERSION = YES;
				CLANG_WARN_INFINITE_RECURSION = YES;
				CLANG_WARN_INT_CONVERSION = YES;
				CLANG_WARN_NON_LITERAL_NULL_CONVERSION = YES;
				CLANG_WARN_OBJC_IMPLICIT_RETAIN_SELF = YES;
				CLANG_WARN_OBJC_LITERAL_CONVERSION = YES;
				CLANG_WARN_OBJC_ROOT_CLASS = YES_ERROR;
				CLANG_WARN_QUOTED_INCLUDE_IN_FRAMEWORK_HEADER = YES;
				CLANG_WARN_RANGE_LOOP_ANALYSIS = YES;
				CLANG_WARN_STRICT_PROTOTYPES = YES;
				CLANG_WARN_SUSPICIOUS_MOVE = YES;
				CLANG_WARN_UNGUARDED_AVAILABILITY = YES_AGGRESSIVE;
				CLANG_WARN_UNREACHABLE_CODE = YES;
				CLANG_WARN__DUPLICATE_METHOD_MATCH = YES;
				COPY_PHASE_STRIP = NO;
				DEBUG_INFORMATION_FORMAT = "dwarf-with-dsym";
				ENABLE_NS_ASSERTIONS = NO;
				ENABLE_STRICT_OBJC_MSGSEND = YES;
				ENABLE_USER_SCRIPT_SANDBOXING = YES;
				GCC_C_LANGUAGE_STANDARD = gnu17;
				GCC_NO_COMMON_BLOCKS = YES;
				GCC_WARN_64_TO_32_BIT_CONVERSION = YES;
				GCC_WARN_ABOUT_RETURN_TYPE = YES_ERROR;
				GCC_WARN_UNDECLARED_SELECTOR = YES;
				GCC_WARN_UNINITIALIZED_AUTOS = YES_AGGRESSIVE;
				GCC_WARN_UNUSED_FUNCTION = YES;
				GCC_WARN_UNUSED_VARIABLE = YES;
				IPHONEOS_DEPLOYMENT_TARGET = 17.0;
				LOCALIZATION_PREFERS_STRING_CATALOGS = YES;
				MTL_ENABLE_DEBUG_INFO = NO;
				MTL_FAST_MATH = YES;
				SDKROOT = iphoneos;
				SWIFT_COMPILATION_MODE = wholemodule;
				VALIDATE_PRODUCT = YES;
			};
			name = Release;
		};
		6892D6F22ADC33EB0039E8D5 /* Debug */ = {
			isa = XCBuildConfiguration;
			buildSettings = {
				ASSETCATALOG_COMPILER_APPICON_NAME = AppIcon;
				ASSETCATALOG_COMPILER_GLOBAL_ACCENT_COLOR_NAME = AccentColor;
				CODE_SIGN_STYLE = Automatic;
				CURRENT_PROJECT_VERSION = 1;
				DEVELOPMENT_TEAM = 5YQFS6W3V4;
				GENERATE_INFOPLIST_FILE = YES;
				INFOPLIST_FILE = MealMonkey/Info.plist;
				INFOPLIST_KEY_UIApplicationSupportsIndirectInputEvents = YES;
				INFOPLIST_KEY_UILaunchStoryboardName = LaunchScreen;
				INFOPLIST_KEY_UIMainStoryboardFile = Main;
				INFOPLIST_KEY_UISupportedInterfaceOrientations_iPad = "UIInterfaceOrientationPortrait UIInterfaceOrientationPortraitUpsideDown UIInterfaceOrientationLandscapeLeft UIInterfaceOrientationLandscapeRight";
				INFOPLIST_KEY_UISupportedInterfaceOrientations_iPhone = "UIInterfaceOrientationPortrait UIInterfaceOrientationLandscapeLeft UIInterfaceOrientationLandscapeRight";
				LD_RUNPATH_SEARCH_PATHS = (
					"$(inherited)",
					"@executable_path/Frameworks",
				);
				MARKETING_VERSION = 1.0;
				PRODUCT_BUNDLE_IDENTIFIER = hgokumua.MealMonkey;
				PRODUCT_NAME = "$(TARGET_NAME)";
				SWIFT_EMIT_LOC_STRINGS = YES;
				SWIFT_VERSION = 5.0;
				TARGETED_DEVICE_FAMILY = "1,2";
			};
			name = Debug;
		};
		6892D6F32ADC33EB0039E8D5 /* Release */ = {
			isa = XCBuildConfiguration;
			buildSettings = {
				ASSETCATALOG_COMPILER_APPICON_NAME = AppIcon;
				ASSETCATALOG_COMPILER_GLOBAL_ACCENT_COLOR_NAME = AccentColor;
				CODE_SIGN_STYLE = Automatic;
				CURRENT_PROJECT_VERSION = 1;
				DEVELOPMENT_TEAM = 5YQFS6W3V4;
				GENERATE_INFOPLIST_FILE = YES;
				INFOPLIST_FILE = MealMonkey/Info.plist;
				INFOPLIST_KEY_UIApplicationSupportsIndirectInputEvents = YES;
				INFOPLIST_KEY_UILaunchStoryboardName = LaunchScreen;
				INFOPLIST_KEY_UIMainStoryboardFile = Main;
				INFOPLIST_KEY_UISupportedInterfaceOrientations_iPad = "UIInterfaceOrientationPortrait UIInterfaceOrientationPortraitUpsideDown UIInterfaceOrientationLandscapeLeft UIInterfaceOrientationLandscapeRight";
				INFOPLIST_KEY_UISupportedInterfaceOrientations_iPhone = "UIInterfaceOrientationPortrait UIInterfaceOrientationLandscapeLeft UIInterfaceOrientationLandscapeRight";
				LD_RUNPATH_SEARCH_PATHS = (
					"$(inherited)",
					"@executable_path/Frameworks",
				);
				MARKETING_VERSION = 1.0;
				PRODUCT_BUNDLE_IDENTIFIER = hgokumua.MealMonkey;
				PRODUCT_NAME = "$(TARGET_NAME)";
				SWIFT_EMIT_LOC_STRINGS = YES;
				SWIFT_VERSION = 5.0;
				TARGETED_DEVICE_FAMILY = "1,2";
			};
			name = Release;
		};
		6892D6F52ADC33EB0039E8D5 /* Debug */ = {
			isa = XCBuildConfiguration;
			buildSettings = {
				ALWAYS_EMBED_SWIFT_STANDARD_LIBRARIES = YES;
				BUNDLE_LOADER = "$(TEST_HOST)";
				CODE_SIGN_STYLE = Automatic;
				CURRENT_PROJECT_VERSION = 1;
				DEVELOPMENT_TEAM = 5YQFS6W3V4;
				GENERATE_INFOPLIST_FILE = YES;
				IPHONEOS_DEPLOYMENT_TARGET = 17.0;
				MARKETING_VERSION = 1.0;
				PRODUCT_BUNDLE_IDENTIFIER = hgokumua.MealMonkeyTests;
				PRODUCT_NAME = "$(TARGET_NAME)";
				SWIFT_EMIT_LOC_STRINGS = NO;
				SWIFT_VERSION = 5.0;
				TARGETED_DEVICE_FAMILY = "1,2";
				TEST_HOST = "$(BUILT_PRODUCTS_DIR)/MealMonkey.app/$(BUNDLE_EXECUTABLE_FOLDER_PATH)/MealMonkey";
			};
			name = Debug;
		};
		6892D6F62ADC33EB0039E8D5 /* Release */ = {
			isa = XCBuildConfiguration;
			buildSettings = {
				ALWAYS_EMBED_SWIFT_STANDARD_LIBRARIES = YES;
				BUNDLE_LOADER = "$(TEST_HOST)";
				CODE_SIGN_STYLE = Automatic;
				CURRENT_PROJECT_VERSION = 1;
				DEVELOPMENT_TEAM = 5YQFS6W3V4;
				GENERATE_INFOPLIST_FILE = YES;
				IPHONEOS_DEPLOYMENT_TARGET = 17.0;
				MARKETING_VERSION = 1.0;
				PRODUCT_BUNDLE_IDENTIFIER = hgokumua.MealMonkeyTests;
				PRODUCT_NAME = "$(TARGET_NAME)";
				SWIFT_EMIT_LOC_STRINGS = NO;
				SWIFT_VERSION = 5.0;
				TARGETED_DEVICE_FAMILY = "1,2";
				TEST_HOST = "$(BUILT_PRODUCTS_DIR)/MealMonkey.app/$(BUNDLE_EXECUTABLE_FOLDER_PATH)/MealMonkey";
			};
			name = Release;
		};
		6892D6F82ADC33EB0039E8D5 /* Debug */ = {
			isa = XCBuildConfiguration;
			buildSettings = {
				ALWAYS_EMBED_SWIFT_STANDARD_LIBRARIES = YES;
				CODE_SIGN_STYLE = Automatic;
				CURRENT_PROJECT_VERSION = 1;
				DEVELOPMENT_TEAM = 5YQFS6W3V4;
				GENERATE_INFOPLIST_FILE = YES;
				MARKETING_VERSION = 1.0;
				PRODUCT_BUNDLE_IDENTIFIER = hgokumua.MealMonkeyUITests;
				PRODUCT_NAME = "$(TARGET_NAME)";
				SWIFT_EMIT_LOC_STRINGS = NO;
				SWIFT_VERSION = 5.0;
				TARGETED_DEVICE_FAMILY = "1,2";
				TEST_TARGET_NAME = MealMonkey;
			};
			name = Debug;
		};
		6892D6F92ADC33EB0039E8D5 /* Release */ = {
			isa = XCBuildConfiguration;
			buildSettings = {
				ALWAYS_EMBED_SWIFT_STANDARD_LIBRARIES = YES;
				CODE_SIGN_STYLE = Automatic;
				CURRENT_PROJECT_VERSION = 1;
				DEVELOPMENT_TEAM = 5YQFS6W3V4;
				GENERATE_INFOPLIST_FILE = YES;
				MARKETING_VERSION = 1.0;
				PRODUCT_BUNDLE_IDENTIFIER = hgokumua.MealMonkeyUITests;
				PRODUCT_NAME = "$(TARGET_NAME)";
				SWIFT_EMIT_LOC_STRINGS = NO;
				SWIFT_VERSION = 5.0;
				TARGETED_DEVICE_FAMILY = "1,2";
				TEST_TARGET_NAME = MealMonkey;
			};
			name = Release;
		};
/* End XCBuildConfiguration section */

/* Begin XCConfigurationList section */
		6892D6C22ADC33EA0039E8D5 /* Build configuration list for PBXProject "MealMonkey" */ = {
			isa = XCConfigurationList;
			buildConfigurations = (
				6892D6EF2ADC33EB0039E8D5 /* Debug */,
				6892D6F02ADC33EB0039E8D5 /* Release */,
			);
			defaultConfigurationIsVisible = 0;
			defaultConfigurationName = Release;
		};
		6892D6F12ADC33EB0039E8D5 /* Build configuration list for PBXNativeTarget "MealMonkey" */ = {
			isa = XCConfigurationList;
			buildConfigurations = (
				6892D6F22ADC33EB0039E8D5 /* Debug */,
				6892D6F32ADC33EB0039E8D5 /* Release */,
			);
			defaultConfigurationIsVisible = 0;
			defaultConfigurationName = Release;
		};
		6892D6F42ADC33EB0039E8D5 /* Build configuration list for PBXNativeTarget "MealMonkeyTests" */ = {
			isa = XCConfigurationList;
			buildConfigurations = (
				6892D6F52ADC33EB0039E8D5 /* Debug */,
				6892D6F62ADC33EB0039E8D5 /* Release */,
			);
			defaultConfigurationIsVisible = 0;
			defaultConfigurationName = Release;
		};
		6892D6F72ADC33EB0039E8D5 /* Build configuration list for PBXNativeTarget "MealMonkeyUITests" */ = {
			isa = XCConfigurationList;
			buildConfigurations = (
				6892D6F82ADC33EB0039E8D5 /* Debug */,
				6892D6F92ADC33EB0039E8D5 /* Release */,
			);
			defaultConfigurationIsVisible = 0;
			defaultConfigurationName = Release;
		};
/* End XCConfigurationList section */
	};
	rootObject = 6892D6BF2ADC33EA0039E8D5 /* Project object */;
}
